// !$*UTF8*$!
{
	archiveVersion = 1;
	classes = {
	};
	objectVersion = 46;
	objects = {

/* Begin PBXBuildFile section */
		2E36704B1C1BB8370045748E /* SystemStatus.swift in Sources */ = {isa = PBXBuildFile; fileRef = 2E36704A1C1BB8370045748E /* SystemStatus.swift */; };
		2E36704D1C1BBF020045748E /* Game.swift in Sources */ = {isa = PBXBuildFile; fileRef = 2E36704C1C1BBF020045748E /* Game.swift */; };
		2E36704F1C1BBF310045748E /* Participant.swift in Sources */ = {isa = PBXBuildFile; fileRef = 2E36704E1C1BBF310045748E /* Participant.swift */; };
		2E3670511C1BBF470045748E /* User.swift in Sources */ = {isa = PBXBuildFile; fileRef = 2E3670501C1BBF470045748E /* User.swift */; };
		2E3670541C1BBF7D0045748E /* Bet.swift in Sources */ = {isa = PBXBuildFile; fileRef = 2E3670531C1BBF7D0045748E /* Bet.swift */; };
		2E3670561C1BCD120045748E /* BetCollectionCell.swift in Sources */ = {isa = PBXBuildFile; fileRef = 2E3670551C1BCD120045748E /* BetCollectionCell.swift */; };
		2E3670581C1BCD2A0045748E /* BetSmallCell.swift in Sources */ = {isa = PBXBuildFile; fileRef = 2E3670571C1BCD2A0045748E /* BetSmallCell.swift */; };
		2E5FD2E41C1C8ADB00B02638 /* GameCell.swift in Sources */ = {isa = PBXBuildFile; fileRef = 2E5FD2E31C1C8ADB00B02638 /* GameCell.swift */; };
		2E5FD2E61C1C922F00B02638 /* Boneco.png in Resources */ = {isa = PBXBuildFile; fileRef = 2E5FD2E51C1C922F00B02638 /* Boneco.png */; };
		2E5FD2E91C1CA84D00B02638 /* SwiftyJSON.swift in Sources */ = {isa = PBXBuildFile; fileRef = 2E5FD2E81C1CA84D00B02638 /* SwiftyJSON.swift */; };
		2E6F8CBE1C1BE5D90009F0D0 /* BetViewController.swift in Sources */ = {isa = PBXBuildFile; fileRef = 2E6F8CBD1C1BE5D90009F0D0 /* BetViewController.swift */; };
		3F8464FA1C1B89E4005343C3 /* AppDelegate.swift in Sources */ = {isa = PBXBuildFile; fileRef = 3F8464F91C1B89E4005343C3 /* AppDelegate.swift */; };
		3F8464FC1C1B89E4005343C3 /* loginViewController.swift in Sources */ = {isa = PBXBuildFile; fileRef = 3F8464FB1C1B89E4005343C3 /* loginViewController.swift */; };
		3F8464FF1C1B89E4005343C3 /* Main.storyboard in Resources */ = {isa = PBXBuildFile; fileRef = 3F8464FD1C1B89E4005343C3 /* Main.storyboard */; };
		3F8465021C1B89E4005343C3 /* SafeInRio.xcdatamodeld in Sources */ = {isa = PBXBuildFile; fileRef = 3F8465001C1B89E4005343C3 /* SafeInRio.xcdatamodeld */; };
		3F8465041C1B89E4005343C3 /* Assets.xcassets in Resources */ = {isa = PBXBuildFile; fileRef = 3F8465031C1B89E4005343C3 /* Assets.xcassets */; };
		3F8465071C1B89E4005343C3 /* LaunchScreen.storyboard in Resources */ = {isa = PBXBuildFile; fileRef = 3F8465051C1B89E4005343C3 /* LaunchScreen.storyboard */; };
		3F8465121C1B89E4005343C3 /* SafeInRioTests.swift in Sources */ = {isa = PBXBuildFile; fileRef = 3F8465111C1B89E4005343C3 /* SafeInRioTests.swift */; };
		3F84651D1C1B89E4005343C3 /* SafeInRioUITests.swift in Sources */ = {isa = PBXBuildFile; fileRef = 3F84651C1C1B89E4005343C3 /* SafeInRioUITests.swift */; };
		3F8465431C1BC407005343C3 /* GameViewController.swift in Sources */ = {isa = PBXBuildFile; fileRef = 3F8465411C1BC407005343C3 /* GameViewController.swift */; };
		3F8465551C1BF1C8005343C3 /* TabBar.swift in Sources */ = {isa = PBXBuildFile; fileRef = 3F8465541C1BF1C8005343C3 /* TabBar.swift */; };
		3F8465571C1C10C5005343C3 /* RankingVC.swift in Sources */ = {isa = PBXBuildFile; fileRef = 3F8465561C1C10C5005343C3 /* RankingVC.swift */; };
		3F8465591C1C185C005343C3 /* ExtensionUIColor.swift in Sources */ = {isa = PBXBuildFile; fileRef = 3F8465581C1C185C005343C3 /* ExtensionUIColor.swift */; };
		3F84655B1C1C2437005343C3 /* RankingCell.swift in Sources */ = {isa = PBXBuildFile; fileRef = 3F84655A1C1C2437005343C3 /* RankingCell.swift */; };
		3F8465991C1C2DA3005343C3 /* DAO 2.swift in Sources */ = {isa = PBXBuildFile; fileRef = 3F8465981C1C2DA3005343C3 /* DAO 2.swift */; };
		3F84659F1C1CFCBA005343C3 /* SendBetVC.swift in Sources */ = {isa = PBXBuildFile; fileRef = 3F84659E1C1CFCBA005343C3 /* SendBetVC.swift */; };
/* End PBXBuildFile section */

/* Begin PBXContainerItemProxy section */
		3F84650E1C1B89E4005343C3 /* PBXContainerItemProxy */ = {
			isa = PBXContainerItemProxy;
			containerPortal = 3F8464EE1C1B89E4005343C3 /* Project object */;
			proxyType = 1;
			remoteGlobalIDString = 3F8464F51C1B89E4005343C3;
			remoteInfo = SafeInRio;
		};
		3F8465191C1B89E4005343C3 /* PBXContainerItemProxy */ = {
			isa = PBXContainerItemProxy;
			containerPortal = 3F8464EE1C1B89E4005343C3 /* Project object */;
			proxyType = 1;
			remoteGlobalIDString = 3F8464F51C1B89E4005343C3;
			remoteInfo = SafeInRio;
		};
/* End PBXContainerItemProxy section */

/* Begin PBXFileReference section */
		2E36704A1C1BB8370045748E /* SystemStatus.swift */ = {isa = PBXFileReference; fileEncoding = 4; lastKnownFileType = sourcecode.swift; path = SystemStatus.swift; sourceTree = "<group>"; };
		2E36704C1C1BBF020045748E /* Game.swift */ = {isa = PBXFileReference; fileEncoding = 4; lastKnownFileType = sourcecode.swift; path = Game.swift; sourceTree = "<group>"; };
		2E36704E1C1BBF310045748E /* Participant.swift */ = {isa = PBXFileReference; fileEncoding = 4; lastKnownFileType = sourcecode.swift; path = Participant.swift; sourceTree = "<group>"; };
		2E3670501C1BBF470045748E /* User.swift */ = {isa = PBXFileReference; fileEncoding = 4; lastKnownFileType = sourcecode.swift; path = User.swift; sourceTree = "<group>"; };
		2E3670531C1BBF7D0045748E /* Bet.swift */ = {isa = PBXFileReference; fileEncoding = 4; lastKnownFileType = sourcecode.swift; path = Bet.swift; sourceTree = "<group>"; };
		2E3670551C1BCD120045748E /* BetCollectionCell.swift */ = {isa = PBXFileReference; fileEncoding = 4; lastKnownFileType = sourcecode.swift; path = BetCollectionCell.swift; sourceTree = "<group>"; };
		2E3670571C1BCD2A0045748E /* BetSmallCell.swift */ = {isa = PBXFileReference; fileEncoding = 4; lastKnownFileType = sourcecode.swift; path = BetSmallCell.swift; sourceTree = "<group>"; };
		2E5FD2E31C1C8ADB00B02638 /* GameCell.swift */ = {isa = PBXFileReference; fileEncoding = 4; lastKnownFileType = sourcecode.swift; path = GameCell.swift; sourceTree = "<group>"; };
		2E5FD2E51C1C922F00B02638 /* Boneco.png */ = {isa = PBXFileReference; lastKnownFileType = image.png; path = Boneco.png; sourceTree = "<group>"; };
		2E5FD2E81C1CA84D00B02638 /* SwiftyJSON.swift */ = {isa = PBXFileReference; fileEncoding = 4; lastKnownFileType = sourcecode.swift; path = SwiftyJSON.swift; sourceTree = "<group>"; };
		2E6F8CBD1C1BE5D90009F0D0 /* BetViewController.swift */ = {isa = PBXFileReference; fileEncoding = 4; lastKnownFileType = sourcecode.swift; path = BetViewController.swift; sourceTree = "<group>"; };
		3F8464F61C1B89E4005343C3 /* OlympicBet.app */ = {isa = PBXFileReference; explicitFileType = wrapper.application; includeInIndex = 0; path = OlympicBet.app; sourceTree = BUILT_PRODUCTS_DIR; };
		3F8464F91C1B89E4005343C3 /* AppDelegate.swift */ = {isa = PBXFileReference; lastKnownFileType = sourcecode.swift; path = AppDelegate.swift; sourceTree = "<group>"; };
		3F8464FB1C1B89E4005343C3 /* loginViewController.swift */ = {isa = PBXFileReference; lastKnownFileType = sourcecode.swift; path = loginViewController.swift; sourceTree = "<group>"; };
		3F8464FE1C1B89E4005343C3 /* Base */ = {isa = PBXFileReference; lastKnownFileType = file.storyboard; name = Base; path = Base.lproj/Main.storyboard; sourceTree = "<group>"; };
		3F8465011C1B89E4005343C3 /* SafeInRio.xcdatamodel */ = {isa = PBXFileReference; lastKnownFileType = wrapper.xcdatamodel; path = SafeInRio.xcdatamodel; sourceTree = "<group>"; };
		3F8465031C1B89E4005343C3 /* Assets.xcassets */ = {isa = PBXFileReference; lastKnownFileType = folder.assetcatalog; path = Assets.xcassets; sourceTree = "<group>"; };
		3F8465061C1B89E4005343C3 /* Base */ = {isa = PBXFileReference; lastKnownFileType = file.storyboard; name = Base; path = Base.lproj/LaunchScreen.storyboard; sourceTree = "<group>"; };
		3F8465081C1B89E4005343C3 /* Info.plist */ = {isa = PBXFileReference; lastKnownFileType = text.plist.xml; path = Info.plist; sourceTree = "<group>"; };
		3F84650D1C1B89E4005343C3 /* OlympicBet.xctest */ = {isa = PBXFileReference; explicitFileType = wrapper.cfbundle; includeInIndex = 0; path = OlympicBet.xctest; sourceTree = BUILT_PRODUCTS_DIR; };
		3F8465111C1B89E4005343C3 /* SafeInRioTests.swift */ = {isa = PBXFileReference; lastKnownFileType = sourcecode.swift; path = SafeInRioTests.swift; sourceTree = "<group>"; };
		3F8465131C1B89E4005343C3 /* Info.plist */ = {isa = PBXFileReference; lastKnownFileType = text.plist.xml; path = Info.plist; sourceTree = "<group>"; };
		3F8465181C1B89E4005343C3 /* OlympicBet.xctest */ = {isa = PBXFileReference; explicitFileType = wrapper.cfbundle; includeInIndex = 0; path = OlympicBet.xctest; sourceTree = BUILT_PRODUCTS_DIR; };
		3F84651C1C1B89E4005343C3 /* SafeInRioUITests.swift */ = {isa = PBXFileReference; lastKnownFileType = sourcecode.swift; path = SafeInRioUITests.swift; sourceTree = "<group>"; };
		3F84651E1C1B89E4005343C3 /* Info.plist */ = {isa = PBXFileReference; lastKnownFileType = text.plist.xml; path = Info.plist; sourceTree = "<group>"; };
		3F8465411C1BC407005343C3 /* GameViewController.swift */ = {isa = PBXFileReference; fileEncoding = 4; lastKnownFileType = sourcecode.swift; path = GameViewController.swift; sourceTree = "<group>"; };
		3F8465541C1BF1C8005343C3 /* TabBar.swift */ = {isa = PBXFileReference; fileEncoding = 4; lastKnownFileType = sourcecode.swift; path = TabBar.swift; sourceTree = "<group>"; };
		3F8465561C1C10C5005343C3 /* RankingVC.swift */ = {isa = PBXFileReference; fileEncoding = 4; lastKnownFileType = sourcecode.swift; path = RankingVC.swift; sourceTree = "<group>"; };
		3F8465581C1C185C005343C3 /* ExtensionUIColor.swift */ = {isa = PBXFileReference; fileEncoding = 4; lastKnownFileType = sourcecode.swift; path = ExtensionUIColor.swift; sourceTree = "<group>"; };
		3F84655A1C1C2437005343C3 /* RankingCell.swift */ = {isa = PBXFileReference; fileEncoding = 4; lastKnownFileType = sourcecode.swift; path = RankingCell.swift; sourceTree = "<group>"; };
		3F8465981C1C2DA3005343C3 /* DAO 2.swift */ = {isa = PBXFileReference; fileEncoding = 4; lastKnownFileType = sourcecode.swift; path = "DAO 2.swift"; sourceTree = "<group>"; };
		3F84659E1C1CFCBA005343C3 /* SendBetVC.swift */ = {isa = PBXFileReference; fileEncoding = 4; lastKnownFileType = sourcecode.swift; path = SendBetVC.swift; sourceTree = "<group>"; };
/* End PBXFileReference section */

/* Begin PBXFrameworksBuildPhase section */
		3F8464F31C1B89E4005343C3 /* Frameworks */ = {
			isa = PBXFrameworksBuildPhase;
			buildActionMask = 2147483647;
			files = (
			);
			runOnlyForDeploymentPostprocessing = 0;
		};
		3F84650A1C1B89E4005343C3 /* Frameworks */ = {
			isa = PBXFrameworksBuildPhase;
			buildActionMask = 2147483647;
			files = (
			);
			runOnlyForDeploymentPostprocessing = 0;
		};
		3F8465151C1B89E4005343C3 /* Frameworks */ = {
			isa = PBXFrameworksBuildPhase;
			buildActionMask = 2147483647;
			files = (
			);
			runOnlyForDeploymentPostprocessing = 0;
		};
/* End PBXFrameworksBuildPhase section */

/* Begin PBXGroup section */
		2E3670521C1BBF580045748E /* Model */ = {
			isa = PBXGroup;
			children = (
				2E36704A1C1BB8370045748E /* SystemStatus.swift */,
				2E5FD2E81C1CA84D00B02638 /* SwiftyJSON.swift */,
				3F8465981C1C2DA3005343C3 /* DAO 2.swift */,
				2E36704C1C1BBF020045748E /* Game.swift */,
				2E36704E1C1BBF310045748E /* Participant.swift */,
				2E3670501C1BBF470045748E /* User.swift */,
				2E3670531C1BBF7D0045748E /* Bet.swift */,
			);
			name = Model;
			sourceTree = "<group>";
		};
		3F8464ED1C1B89E4005343C3 = {
			isa = PBXGroup;
			children = (
				3F8464F81C1B89E4005343C3 /* SafeInRio */,
				3F8465101C1B89E4005343C3 /* SafeInRioTests */,
				3F84651B1C1B89E4005343C3 /* SafeInRioUITests */,
				3F8464F71C1B89E4005343C3 /* Products */,
			);
			sourceTree = "<group>";
		};
		3F8464F71C1B89E4005343C3 /* Products */ = {
			isa = PBXGroup;
			children = (
				3F8464F61C1B89E4005343C3 /* OlympicBet.app */,
				3F84650D1C1B89E4005343C3 /* OlympicBet.xctest */,
				3F8465181C1B89E4005343C3 /* OlympicBet.xctest */,
			);
			name = Products;
			sourceTree = "<group>";
		};
		3F8464F81C1B89E4005343C3 /* SafeInRio */ = {
			isa = PBXGroup;
			children = (
				3F8464F91C1B89E4005343C3 /* AppDelegate.swift */,
				3F8465581C1C185C005343C3 /* ExtensionUIColor.swift */,
				2E3670521C1BBF580045748E /* Model */,
				3F84653D1C1BC396005343C3 /* View */,
				3F84653C1C1BC38D005343C3 /* Controller */,
				3F8465031C1B89E4005343C3 /* Assets.xcassets */,
				3F8465051C1B89E4005343C3 /* LaunchScreen.storyboard */,
				3F8465081C1B89E4005343C3 /* Info.plist */,
				3F8465001C1B89E4005343C3 /* SafeInRio.xcdatamodeld */,
			);
			path = SafeInRio;
			sourceTree = "<group>";
		};
		3F8465101C1B89E4005343C3 /* SafeInRioTests */ = {
			isa = PBXGroup;
			children = (
				3F8465111C1B89E4005343C3 /* SafeInRioTests.swift */,
				3F8465131C1B89E4005343C3 /* Info.plist */,
			);
			path = SafeInRioTests;
			sourceTree = "<group>";
		};
		3F84651B1C1B89E4005343C3 /* SafeInRioUITests */ = {
			isa = PBXGroup;
			children = (
				3F84651C1C1B89E4005343C3 /* SafeInRioUITests.swift */,
				3F84651E1C1B89E4005343C3 /* Info.plist */,
			);
			path = SafeInRioUITests;
			sourceTree = "<group>";
		};
		3F84653C1C1BC38D005343C3 /* Controller */ = {
			isa = PBXGroup;
			children = (
				3F8464FB1C1B89E4005343C3 /* loginViewController.swift */,
				2E6F8CBD1C1BE5D90009F0D0 /* BetViewController.swift */,
				3F8465411C1BC407005343C3 /* GameViewController.swift */,
				3F8465561C1C10C5005343C3 /* RankingVC.swift */,
				3F84659E1C1CFCBA005343C3 /* SendBetVC.swift */,
			);
			name = Controller;
			sourceTree = "<group>";
		};
		3F84653D1C1BC396005343C3 /* View */ = {
			isa = PBXGroup;
			children = (
				3F8464FD1C1B89E4005343C3 /* Main.storyboard */,
				3F84653E1C1BC39D005343C3 /* Cells */,
				3F8465541C1BF1C8005343C3 /* TabBar.swift */,
			);
			name = View;
			sourceTree = "<group>";
		};
		3F84653E1C1BC39D005343C3 /* Cells */ = {
			isa = PBXGroup;
			children = (
				2E3670551C1BCD120045748E /* BetCollectionCell.swift */,
				2E3670571C1BCD2A0045748E /* BetSmallCell.swift */,
				2E5FD2E31C1C8ADB00B02638 /* GameCell.swift */,
				3F84655A1C1C2437005343C3 /* RankingCell.swift */,
				2E5FD2E51C1C922F00B02638 /* Boneco.png */,
			);
			name = Cells;
			sourceTree = "<group>";
		};
/* End PBXGroup section */

/* Begin PBXNativeTarget section */
		3F8464F51C1B89E4005343C3 /* OlympicBet */ = {
			isa = PBXNativeTarget;
			buildConfigurationList = 3F8465211C1B89E4005343C3 /* Build configuration list for PBXNativeTarget "OlympicBet" */;
			buildPhases = (
				3F8464F21C1B89E4005343C3 /* Sources */,
				3F8464F31C1B89E4005343C3 /* Frameworks */,
				3F8464F41C1B89E4005343C3 /* Resources */,
			);
			buildRules = (
			);
			dependencies = (
			);
			name = OlympicBet;
			productName = SafeInRio;
			productReference = 3F8464F61C1B89E4005343C3 /* OlympicBet.app */;
			productType = "com.apple.product-type.application";
		};
		3F84650C1C1B89E4005343C3 /* OlympicBetTests */ = {
			isa = PBXNativeTarget;
			buildConfigurationList = 3F8465241C1B89E4005343C3 /* Build configuration list for PBXNativeTarget "OlympicBetTests" */;
			buildPhases = (
				3F8465091C1B89E4005343C3 /* Sources */,
				3F84650A1C1B89E4005343C3 /* Frameworks */,
				3F84650B1C1B89E4005343C3 /* Resources */,
			);
			buildRules = (
			);
			dependencies = (
				3F84650F1C1B89E4005343C3 /* PBXTargetDependency */,
			);
			name = OlympicBetTests;
			productName = SafeInRioTests;
			productReference = 3F84650D1C1B89E4005343C3 /* OlympicBet.xctest */;
			productType = "com.apple.product-type.bundle.unit-test";
		};
		3F8465171C1B89E4005343C3 /* OlympicBetUITests */ = {
			isa = PBXNativeTarget;
			buildConfigurationList = 3F8465271C1B89E4005343C3 /* Build configuration list for PBXNativeTarget "OlympicBetUITests" */;
			buildPhases = (
				3F8465141C1B89E4005343C3 /* Sources */,
				3F8465151C1B89E4005343C3 /* Frameworks */,
				3F8465161C1B89E4005343C3 /* Resources */,
			);
			buildRules = (
			);
			dependencies = (
				3F84651A1C1B89E4005343C3 /* PBXTargetDependency */,
			);
			name = OlympicBetUITests;
			productName = SafeInRioUITests;
			productReference = 3F8465181C1B89E4005343C3 /* OlympicBet.xctest */;
			productType = "com.apple.product-type.bundle.ui-testing";
		};
/* End PBXNativeTarget section */

/* Begin PBXProject section */
		3F8464EE1C1B89E4005343C3 /* Project object */ = {
			isa = PBXProject;
			attributes = {
				LastSwiftUpdateCheck = 0710;
				LastUpgradeCheck = 0710;
				ORGANIZATIONNAME = "Amanda Aurita Araujo Fernandes";
				TargetAttributes = {
					3F8464F51C1B89E4005343C3 = {
						CreatedOnToolsVersion = 7.1.1;
					};
					3F84650C1C1B89E4005343C3 = {
						CreatedOnToolsVersion = 7.1.1;
						TestTargetID = 3F8464F51C1B89E4005343C3;
					};
					3F8465171C1B89E4005343C3 = {
						CreatedOnToolsVersion = 7.1.1;
						TestTargetID = 3F8464F51C1B89E4005343C3;
					};
				};
			};
			buildConfigurationList = 3F8464F11C1B89E4005343C3 /* Build configuration list for PBXProject "OlympicBet" */;
			compatibilityVersion = "Xcode 3.2";
			developmentRegion = English;
			hasScannedForEncodings = 0;
			knownRegions = (
				en,
				Base,
			);
			mainGroup = 3F8464ED1C1B89E4005343C3;
			productRefGroup = 3F8464F71C1B89E4005343C3 /* Products */;
			projectDirPath = "";
			projectRoot = "";
			targets = (
				3F8464F51C1B89E4005343C3 /* OlympicBet */,
				3F84650C1C1B89E4005343C3 /* OlympicBetTests */,
				3F8465171C1B89E4005343C3 /* OlympicBetUITests */,
			);
		};
/* End PBXProject section */

/* Begin PBXResourcesBuildPhase section */
		3F8464F41C1B89E4005343C3 /* Resources */ = {
			isa = PBXResourcesBuildPhase;
			buildActionMask = 2147483647;
			files = (
				3F8465071C1B89E4005343C3 /* LaunchScreen.storyboard in Resources */,
				3F8465041C1B89E4005343C3 /* Assets.xcassets in Resources */,
				3F8464FF1C1B89E4005343C3 /* Main.storyboard in Resources */,
				2E5FD2E61C1C922F00B02638 /* Boneco.png in Resources */,
			);
			runOnlyForDeploymentPostprocessing = 0;
		};
		3F84650B1C1B89E4005343C3 /* Resources */ = {
			isa = PBXResourcesBuildPhase;
			buildActionMask = 2147483647;
			files = (
			);
			runOnlyForDeploymentPostprocessing = 0;
		};
		3F8465161C1B89E4005343C3 /* Resources */ = {
			isa = PBXResourcesBuildPhase;
			buildActionMask = 2147483647;
			files = (
			);
			runOnlyForDeploymentPostprocessing = 0;
		};
/* End PBXResourcesBuildPhase section */

/* Begin PBXSourcesBuildPhase section */
		3F8464F21C1B89E4005343C3 /* Sources */ = {
			isa = PBXSourcesBuildPhase;
			buildActionMask = 2147483647;
			files = (
				2E3670581C1BCD2A0045748E /* BetSmallCell.swift in Sources */,
				3F8464FC1C1B89E4005343C3 /* loginViewController.swift in Sources */,
				3F8465431C1BC407005343C3 /* GameViewController.swift in Sources */,
				2E5FD2E91C1CA84D00B02638 /* SwiftyJSON.swift in Sources */,
				3F8465571C1C10C5005343C3 /* RankingVC.swift in Sources */,
				3F84655B1C1C2437005343C3 /* RankingCell.swift in Sources */,
				3F8464FA1C1B89E4005343C3 /* AppDelegate.swift in Sources */,
				2E6F8CBE1C1BE5D90009F0D0 /* BetViewController.swift in Sources */,
				3F84659F1C1CFCBA005343C3 /* SendBetVC.swift in Sources */,
				2E36704B1C1BB8370045748E /* SystemStatus.swift in Sources */,
				2E5FD2E41C1C8ADB00B02638 /* GameCell.swift in Sources */,
				3F8465991C1C2DA3005343C3 /* DAO 2.swift in Sources */,
				2E3670511C1BBF470045748E /* User.swift in Sources */,
				2E36704F1C1BBF310045748E /* Participant.swift in Sources */,
				2E36704D1C1BBF020045748E /* Game.swift in Sources */,
				3F8465591C1C185C005343C3 /* ExtensionUIColor.swift in Sources */,
				2E3670541C1BBF7D0045748E /* Bet.swift in Sources */,
				2E3670561C1BCD120045748E /* BetCollectionCell.swift in Sources */,
				3F8465021C1B89E4005343C3 /* SafeInRio.xcdatamodeld in Sources */,
				3F8465551C1BF1C8005343C3 /* TabBar.swift in Sources */,
			);
			runOnlyForDeploymentPostprocessing = 0;
		};
		3F8465091C1B89E4005343C3 /* Sources */ = {
			isa = PBXSourcesBuildPhase;
			buildActionMask = 2147483647;
			files = (
				3F8465121C1B89E4005343C3 /* SafeInRioTests.swift in Sources */,
			);
			runOnlyForDeploymentPostprocessing = 0;
		};
		3F8465141C1B89E4005343C3 /* Sources */ = {
			isa = PBXSourcesBuildPhase;
			buildActionMask = 2147483647;
			files = (
				3F84651D1C1B89E4005343C3 /* SafeInRioUITests.swift in Sources */,
			);
			runOnlyForDeploymentPostprocessing = 0;
		};
/* End PBXSourcesBuildPhase section */

/* Begin PBXTargetDependency section */
		3F84650F1C1B89E4005343C3 /* PBXTargetDependency */ = {
			isa = PBXTargetDependency;
			target = 3F8464F51C1B89E4005343C3 /* OlympicBet */;
			targetProxy = 3F84650E1C1B89E4005343C3 /* PBXContainerItemProxy */;
		};
		3F84651A1C1B89E4005343C3 /* PBXTargetDependency */ = {
			isa = PBXTargetDependency;
			target = 3F8464F51C1B89E4005343C3 /* OlympicBet */;
			targetProxy = 3F8465191C1B89E4005343C3 /* PBXContainerItemProxy */;
		};
/* End PBXTargetDependency section */

/* Begin PBXVariantGroup section */
		3F8464FD1C1B89E4005343C3 /* Main.storyboard */ = {
			isa = PBXVariantGroup;
			children = (
				3F8464FE1C1B89E4005343C3 /* Base */,
			);
			name = Main.storyboard;
			sourceTree = "<group>";
		};
		3F8465051C1B89E4005343C3 /* LaunchScreen.storyboard */ = {
			isa = PBXVariantGroup;
			children = (
				3F8465061C1B89E4005343C3 /* Base */,
			);
			name = LaunchScreen.storyboard;
			sourceTree = "<group>";
		};
/* End PBXVariantGroup section */

/* Begin XCBuildConfiguration section */
		3F84651F1C1B89E4005343C3 /* Debug */ = {
			isa = XCBuildConfiguration;
			buildSettings = {
				ALWAYS_SEARCH_USER_PATHS = NO;
				CLANG_CXX_LANGUAGE_STANDARD = "gnu++0x";
				CLANG_CXX_LIBRARY = "libc++";
				CLANG_ENABLE_MODULES = YES;
				CLANG_ENABLE_OBJC_ARC = YES;
				CLANG_WARN_BOOL_CONVERSION = YES;
				CLANG_WARN_CONSTANT_CONVERSION = YES;
				CLANG_WARN_DIRECT_OBJC_ISA_USAGE = YES_ERROR;
				CLANG_WARN_EMPTY_BODY = YES;
				CLANG_WARN_ENUM_CONVERSION = YES;
				CLANG_WARN_INT_CONVERSION = YES;
				CLANG_WARN_OBJC_ROOT_CLASS = YES_ERROR;
				CLANG_WARN_UNREACHABLE_CODE = YES;
				CLANG_WARN__DUPLICATE_METHOD_MATCH = YES;
				"CODE_SIGN_IDENTITY[sdk=iphoneos*]" = "iPhone Developer";
				COPY_PHASE_STRIP = NO;
				DEBUG_INFORMATION_FORMAT = dwarf;
				ENABLE_STRICT_OBJC_MSGSEND = YES;
				ENABLE_TESTABILITY = YES;
				GCC_C_LANGUAGE_STANDARD = gnu99;
				GCC_DYNAMIC_NO_PIC = NO;
				GCC_NO_COMMON_BLOCKS = YES;
				GCC_OPTIMIZATION_LEVEL = 0;
				GCC_PREPROCESSOR_DEFINITIONS = (
					"DEBUG=1",
					"$(inherited)",
				);
				GCC_WARN_64_TO_32_BIT_CONVERSION = YES;
				GCC_WARN_ABOUT_RETURN_TYPE = YES_ERROR;
				GCC_WARN_UNDECLARED_SELECTOR = YES;
				GCC_WARN_UNINITIALIZED_AUTOS = YES_AGGRESSIVE;
				GCC_WARN_UNUSED_FUNCTION = YES;
				GCC_WARN_UNUSED_VARIABLE = YES;
				IPHONEOS_DEPLOYMENT_TARGET = 9.1;
				MTL_ENABLE_DEBUG_INFO = YES;
				ONLY_ACTIVE_ARCH = YES;
				SDKROOT = iphoneos;
				SWIFT_OPTIMIZATION_LEVEL = "-Onone";
				TARGETED_DEVICE_FAMILY = "1,2";
			};
			name = Debug;
		};
		3F8465201C1B89E4005343C3 /* Release */ = {
			isa = XCBuildConfiguration;
			buildSettings = {
				ALWAYS_SEARCH_USER_PATHS = NO;
				CLANG_CXX_LANGUAGE_STANDARD = "gnu++0x";
				CLANG_CXX_LIBRARY = "libc++";
				CLANG_ENABLE_MODULES = YES;
				CLANG_ENABLE_OBJC_ARC = YES;
				CLANG_WARN_BOOL_CONVERSION = YES;
				CLANG_WARN_CONSTANT_CONVERSION = YES;
				CLANG_WARN_DIRECT_OBJC_ISA_USAGE = YES_ERROR;
				CLANG_WARN_EMPTY_BODY = YES;
				CLANG_WARN_ENUM_CONVERSION = YES;
				CLANG_WARN_INT_CONVERSION = YES;
				CLANG_WARN_OBJC_ROOT_CLASS = YES_ERROR;
				CLANG_WARN_UNREACHABLE_CODE = YES;
				CLANG_WARN__DUPLICATE_METHOD_MATCH = YES;
				"CODE_SIGN_IDENTITY[sdk=iphoneos*]" = "iPhone Developer";
				COPY_PHASE_STRIP = NO;
				DEBUG_INFORMATION_FORMAT = "dwarf-with-dsym";
				ENABLE_NS_ASSERTIONS = NO;
				ENABLE_STRICT_OBJC_MSGSEND = YES;
				GCC_C_LANGUAGE_STANDARD = gnu99;
				GCC_NO_COMMON_BLOCKS = YES;
				GCC_WARN_64_TO_32_BIT_CONVERSION = YES;
				GCC_WARN_ABOUT_RETURN_TYPE = YES_ERROR;
				GCC_WARN_UNDECLARED_SELECTOR = YES;
				GCC_WARN_UNINITIALIZED_AUTOS = YES_AGGRESSIVE;
				GCC_WARN_UNUSED_FUNCTION = YES;
				GCC_WARN_UNUSED_VARIABLE = YES;
				IPHONEOS_DEPLOYMENT_TARGET = 9.1;
				MTL_ENABLE_DEBUG_INFO = NO;
				SDKROOT = iphoneos;
				TARGETED_DEVICE_FAMILY = "1,2";
				VALIDATE_PRODUCT = YES;
			};
			name = Release;
		};
		3F8465221C1B89E4005343C3 /* Debug */ = {
			isa = XCBuildConfiguration;
			buildSettings = {
				ASSETCATALOG_COMPILER_APPICON_NAME = AppIcon;
				INFOPLIST_FILE = SafeInRio/Info.plist;
				LD_RUNPATH_SEARCH_PATHS = "$(inherited) @executable_path/Frameworks";
				PRODUCT_BUNDLE_IDENTIFIER = "Amanda-BEPiD.SafeInRio";
				PRODUCT_NAME = OlympicBet;
				SDKROOT = iphoneos;
			};
			name = Debug;
		};
		3F8465231C1B89E4005343C3 /* Release */ = {
			isa = XCBuildConfiguration;
			buildSettings = {
				ASSETCATALOG_COMPILER_APPICON_NAME = AppIcon;
				INFOPLIST_FILE = SafeInRio/Info.plist;
				LD_RUNPATH_SEARCH_PATHS = "$(inherited) @executable_path/Frameworks";
				PRODUCT_BUNDLE_IDENTIFIER = "Amanda-BEPiD.SafeInRio";
				PRODUCT_NAME = OlympicBet;
				SDKROOT = iphoneos;
			};
			name = Release;
		};
		3F8465251C1B89E4005343C3 /* Debug */ = {
			isa = XCBuildConfiguration;
			buildSettings = {
				BUNDLE_LOADER = "$(TEST_HOST)";
				INFOPLIST_FILE = SafeInRioTests/Info.plist;
				LD_RUNPATH_SEARCH_PATHS = "$(inherited) @executable_path/Frameworks @loader_path/Frameworks";
				PRODUCT_BUNDLE_IDENTIFIER = "Amanda-BEPiD.SafeInRioTests";
				PRODUCT_NAME = OlympicBet;
				TEST_HOST = "$(BUILT_PRODUCTS_DIR)/OlympicBet.app/OlympicBet";
			};
			name = Debug;
		};
		3F8465261C1B89E4005343C3 /* Release */ = {
			isa = XCBuildConfiguration;
			buildSettings = {
				BUNDLE_LOADER = "$(TEST_HOST)";
				INFOPLIST_FILE = SafeInRioTests/Info.plist;
				LD_RUNPATH_SEARCH_PATHS = "$(inherited) @executable_path/Frameworks @loader_path/Frameworks";
				PRODUCT_BUNDLE_IDENTIFIER = "Amanda-BEPiD.SafeInRioTests";
				PRODUCT_NAME = OlympicBet;
				TEST_HOST = "$(BUILT_PRODUCTS_DIR)/OlympicBet.app/OlympicBet";
			};
			name = Release;
		};
		3F8465281C1B89E4005343C3 /* Debug */ = {
			isa = XCBuildConfiguration;
			buildSettings = {
				INFOPLIST_FILE = SafeInRioUITests/Info.plist;
				LD_RUNPATH_SEARCH_PATHS = "$(inherited) @executable_path/Frameworks @loader_path/Frameworks";
				PRODUCT_BUNDLE_IDENTIFIER = "Amanda-BEPiD.SafeInRioUITests";
				PRODUCT_NAME = OlympicBet;
				TEST_TARGET_NAME = SafeInRio;
				USES_XCTRUNNER = YES;
			};
			name = Debug;
		};
		3F8465291C1B89E4005343C3 /* Release */ = {
			isa = XCBuildConfiguration;
			buildSettings = {
				INFOPLIST_FILE = SafeInRioUITests/Info.plist;
				LD_RUNPATH_SEARCH_PATHS = "$(inherited) @executable_path/Frameworks @loader_path/Frameworks";
				PRODUCT_BUNDLE_IDENTIFIER = "Amanda-BEPiD.SafeInRioUITests";
				PRODUCT_NAME = OlympicBet;
				TEST_TARGET_NAME = SafeInRio;
				USES_XCTRUNNER = YES;
			};
			name = Release;
		};
/* End XCBuildConfiguration section */

/* Begin XCConfigurationList section */
		3F8464F11C1B89E4005343C3 /* Build configuration list for PBXProject "OlympicBet" */ = {
			isa = XCConfigurationList;
			buildConfigurations = (
				3F84651F1C1B89E4005343C3 /* Debug */,
				3F8465201C1B89E4005343C3 /* Release */,
			);
			defaultConfigurationIsVisible = 0;
			defaultConfigurationName = Release;
		};
		3F8465211C1B89E4005343C3 /* Build configuration list for PBXNativeTarget "OlympicBet" */ = {
			isa = XCConfigurationList;
			buildConfigurations = (
				3F8465221C1B89E4005343C3 /* Debug */,
				3F8465231C1B89E4005343C3 /* Release */,
			);
			defaultConfigurationIsVisible = 0;
			defaultConfigurationName = Release;
		};
		3F8465241C1B89E4005343C3 /* Build configuration list for PBXNativeTarget "OlympicBetTests" */ = {
			isa = XCConfigurationList;
			buildConfigurations = (
				3F8465251C1B89E4005343C3 /* Debug */,
				3F8465261C1B89E4005343C3 /* Release */,
			);
			defaultConfigurationIsVisible = 0;
			defaultConfigurationName = Release;
		};
		3F8465271C1B89E4005343C3 /* Build configuration list for PBXNativeTarget "OlympicBetUITests" */ = {
			isa = XCConfigurationList;
			buildConfigurations = (
				3F8465281C1B89E4005343C3 /* Debug */,
				3F8465291C1B89E4005343C3 /* Release */,
			);
			defaultConfigurationIsVisible = 0;
			defaultConfigurationName = Release;
		};
/* End XCConfigurationList section */

/* Begin XCVersionGroup section */
		3F8465001C1B89E4005343C3 /* SafeInRio.xcdatamodeld */ = {
			isa = XCVersionGroup;
			children = (
				3F8465011C1B89E4005343C3 /* SafeInRio.xcdatamodel */,
			);
			currentVersion = 3F8465011C1B89E4005343C3 /* SafeInRio.xcdatamodel */;
			path = SafeInRio.xcdatamodeld;
			sourceTree = "<group>";
			versionGroupType = wrapper.xcdatamodel;
		};
/* End XCVersionGroup section */
	};
	rootObject = 3F8464EE1C1B89E4005343C3 /* Project object */;
}
